
Microsoft Visual Studio Solution File, Format Version 12.00
# Visual Studio Version 16
VisualStudioVersion = 16.0.31025.194
MinimumVisualStudioVersion = 10.0.40219.1
Project("{FAE04EC0-301F-11D3-BF4B-00C04F79EFBC}") = "LAB2_GUI", "LAB2_GUI\LAB2_GUI.csproj", "{B643E324-3C35-4764-86F9-704DCB99C095}"
EndProject
Global
	GlobalSection(SolutionConfigurationPlatforms) = preSolution
		Debug|Any CPU = Debug|Any CPU
		Release|Any CPU = Release|Any CPU
	EndGlobalSection
	GlobalSection(ProjectConfigurationPlatforms) = postSolution
		{B643E324-3C35-4764-86F9-704DCB99C095}.Debug|Any CPU.ActiveCfg = Debug|Any CPU
		{B643E324-3C35-4764-86F9-704DCB99C095}.Debug|Any CPU.Build.0 = Debug|Any CPU
		{B643E324-3C35-4764-86F9-704DCB99C095}.Release|Any CPU.ActiveCfg = Release|Any CPU
		{B643E324-3C35-4764-86F9-704DCB99C095}.Release|Any CPU.Build.0 = Release|Any CPU
	EndGlobalSection
	GlobalSection(SolutionProperties) = preSolution
		HideSolutionNode = FALSE
	EndGlobalSection
	GlobalSection(ExtensibilityGlobals) = postSolution
		SolutionGuid = {7D721F7B-C6D5-4163-9253-2873920C51C4}
	EndGlobalSection
EndGlobal
